
Microsoft Visual Studio Solution File, Format Version 12.00
# Visual Studio Version 17
VisualStudioVersion = 17.0.31903.59
MinimumVisualStudioVersion = 10.0.40219.1
Project("{2150E333-8FDC-42A3-9474-1A3956D46DE8}") = "src", "src", "{DD6A1738-F76F-437F-B212-452E42AE130E}"
EndProject
Project("{FAE04EC0-301F-11D3-BF4B-00C04F79EFBC}") = "WebApi", "src\WebApi\WebApi.csproj", "{7DD07479-2021-4256-9298-ECBCC71D3FC9}"
EndProject
Project("{2150E333-8FDC-42A3-9474-1A3956D46DE8}") = "test", "test", "{2E92293A-2CF9-4E1B-8146-634AB3EEBA6E}"
EndProject
Project("{FAE04EC0-301F-11D3-BF4B-00C04F79EFBC}") = "WebApiTests", "test\WebApiTests\WebApiTests.csproj", "{E0CBA6F3-4484-4152-B8E5-D44A7731921B}"
EndProject
Global
	GlobalSection(SolutionConfigurationPlatforms) = preSolution
		Debug|Any CPU = Debug|Any CPU
		Release|Any CPU = Release|Any CPU
	EndGlobalSection
	GlobalSection(SolutionProperties) = preSolution
		HideSolutionNode = FALSE
	EndGlobalSection
	GlobalSection(ProjectConfigurationPlatforms) = postSolution
		{7DD07479-2021-4256-9298-ECBCC71D3FC9}.Debug|Any CPU.ActiveCfg = Debug|Any CPU
		{7DD07479-2021-4256-9298-ECBCC71D3FC9}.Debug|Any CPU.Build.0 = Debug|Any CPU
		{7DD07479-2021-4256-9298-ECBCC71D3FC9}.Release|Any CPU.ActiveCfg = Release|Any CPU
		{7DD07479-2021-4256-9298-ECBCC71D3FC9}.Release|Any CPU.Build.0 = Release|Any CPU
		{E0CBA6F3-4484-4152-B8E5-D44A7731921B}.Debug|Any CPU.ActiveCfg = Debug|Any CPU
		{E0CBA6F3-4484-4152-B8E5-D44A7731921B}.Debug|Any CPU.Build.0 = Debug|Any CPU
		{E0CBA6F3-4484-4152-B8E5-D44A7731921B}.Release|Any CPU.ActiveCfg = Release|Any CPU
		{E0CBA6F3-4484-4152-B8E5-D44A7731921B}.Release|Any CPU.Build.0 = Release|Any CPU
	EndGlobalSection
	GlobalSection(NestedProjects) = preSolution
		{7DD07479-2021-4256-9298-ECBCC71D3FC9} = {DD6A1738-F76F-437F-B212-452E42AE130E}
		{E0CBA6F3-4484-4152-B8E5-D44A7731921B} = {2E92293A-2CF9-4E1B-8146-634AB3EEBA6E}
	EndGlobalSection
EndGlobal
